{
  "name": "use-facebook",
  "version": "1.0.0",
  "lockfileVersion": 1,
  "requires": true,
  "dependencies": {
    "@jabranr-lab/prettier": {
      "version": "1.2.1",
      "resolved": "https://registry.npmjs.org/@jabranr-lab/prettier/-/prettier-1.2.1.tgz",
      "integrity": "sha512-O4uU9LBALnHC6G5+HttmZNKd+onizYVTtqBlwZuZEuD/gkU1KkFXGyOfiouM4qwam1VbcY6mvrq/p4lhJnkjMA==",
      "dev": true,
      "requires": {
        "@prettier/plugin-xml": "^0.12.0",
        "prettier": "^2.1.2"
      }
    },
    "@prettier/plugin-xml": {
      "version": "0.12.0",
      "resolved": "https://registry.npmjs.org/@prettier/plugin-xml/-/plugin-xml-0.12.0.tgz",
      "integrity": "sha512-196oXlmim2SiqeG1jQO5aS/nChI85DvyfIQTBkOiVHHev2j15x4TVxOMGAWHkqdlD8pmCg/KmX8SfFIyT2L7tA==",
      "dev": true,
      "requires": {
        "@xml-tools/parser": "^1.0.2",
        "prettier": ">=1.10"
      }
    },
    "@xml-tools/parser": {
      "version": "1.0.9",
      "resolved": "https://registry.npmjs.org/@xml-tools/parser/-/parser-1.0.9.tgz",
      "integrity": "sha512-TB/EwgsJh9165k1NTapYyPIhgz4DEUnvmQhkj6Fvyfqc/0p9nFMg2kHuKroWg6Tjwr8y2gvi9wWVXerfXtrQ1w==",
      "dev": true,
      "requires": {
        "chevrotain": "7.1.0"
      }
    },
    "chevrotain": {
      "version": "7.1.0",
      "resolved": "https://registry.npmjs.org/chevrotain/-/chevrotain-7.1.0.tgz",
      "integrity": "sha512-msTqYIGb+8z4UpNxliBlowlfFJtBQjTSdnOWgMD/llcE5cQHDbFMjHGdCMJSsPG/Op89c6/ERCmYku4UHDhHVA==",
      "dev": true,
      "requires": {
        "regexp-to-ast": "0.5.0"
      }
    },
    "prettier": {
      "version": "2.2.1",
      "resolved": "https://registry.npmjs.org/prettier/-/prettier-2.2.1.tgz",
      "integrity": "sha512-PqyhM2yCjg/oKkFPtTGUojv7gnZAoG80ttl45O6x2Ug/rMJw4wcc9k6aaf2hibP7BGVCCM33gZoGjyvt9mm16Q==",
      "dev": true
    },
    "regexp-to-ast": {
      "version": "0.5.0",
      "resolved": "https://registry.npmjs.org/regexp-to-ast/-/regexp-to-ast-0.5.0.tgz",
      "integrity": "sha512-tlbJqcMHnPKI9zSrystikWKwHkBqu2a/Sgw01h3zFjvYrMxEDYHzzoMZnUrbIfpTFEsoRnnviOXNCzFiSc54Qw==",
      "dev": true
    }
  }
}
